
Microsoft Visual Studio Solution File, Format Version 12.00
# Visual Studio 2013
VisualStudioVersion = 12.0.30723.0
MinimumVisualStudioVersion = 10.0.40219.1
Project("{F184B08F-C81C-45F6-A57F-5ABD9991F28F}") = "LabelLibrary", "LabelLibrary\LabelLibrary.vbproj", "{0C0F903D-C42C-4742-9C46-953EBA626687}"
EndProject
Project("{F184B08F-C81C-45F6-A57F-5ABD9991F28F}") = "Label Lib Demo", "Label Lib Demo\Label Lib Demo.vbproj", "{D4002D9F-94D1-45ED-9EC2-892B01F78DAB}"
EndProject
Project("{F184B08F-C81C-45F6-A57F-5ABD9991F28F}") = "CreateLabelClass", "CreateLabelClass\CreateLabelClass.vbproj", "{4740C416-0C82-434F-A785-01C67C4381B4}"
EndProject
Global
	GlobalSection(SolutionConfigurationPlatforms) = preSolution
		Debug|Any CPU = Debug|Any CPU
		Release|Any CPU = Release|Any CPU
	EndGlobalSection
	GlobalSection(ProjectConfigurationPlatforms) = postSolution
		{0C0F903D-C42C-4742-9C46-953EBA626687}.Debug|Any CPU.ActiveCfg = Debug|Any CPU
		{0C0F903D-C42C-4742-9C46-953EBA626687}.Debug|Any CPU.Build.0 = Debug|Any CPU
		{0C0F903D-C42C-4742-9C46-953EBA626687}.Release|Any CPU.ActiveCfg = Release|Any CPU
		{0C0F903D-C42C-4742-9C46-953EBA626687}.Release|Any CPU.Build.0 = Release|Any CPU
		{D4002D9F-94D1-45ED-9EC2-892B01F78DAB}.Debug|Any CPU.ActiveCfg = Debug|Any CPU
		{D4002D9F-94D1-45ED-9EC2-892B01F78DAB}.Debug|Any CPU.Build.0 = Debug|Any CPU
		{D4002D9F-94D1-45ED-9EC2-892B01F78DAB}.Release|Any CPU.ActiveCfg = Release|Any CPU
		{D4002D9F-94D1-45ED-9EC2-892B01F78DAB}.Release|Any CPU.Build.0 = Release|Any CPU
		{4740C416-0C82-434F-A785-01C67C4381B4}.Debug|Any CPU.ActiveCfg = Debug|Any CPU
		{4740C416-0C82-434F-A785-01C67C4381B4}.Debug|Any CPU.Build.0 = Debug|Any CPU
		{4740C416-0C82-434F-A785-01C67C4381B4}.Release|Any CPU.ActiveCfg = Release|Any CPU
		{4740C416-0C82-434F-A785-01C67C4381B4}.Release|Any CPU.Build.0 = Release|Any CPU
	EndGlobalSection
	GlobalSection(SolutionProperties) = preSolution
		HideSolutionNode = FALSE
	EndGlobalSection
EndGlobal
